
Microsoft Visual Studio Solution File, Format Version 12.00
# Visual Studio Version 16
VisualStudioVersion = 16.0.31624.102
MinimumVisualStudioVersion = 10.0.40219.1
Project("{FAE04EC0-301F-11D3-BF4B-00C04F79EFBC}") = "JWT", "JWT.csproj", "{FA950F08-DA2E-4B56-AAA1-4AA06E297A52}"
EndProject
Global
	GlobalSection(SolutionConfigurationPlatforms) = preSolution
		Debug|Any CPU = Debug|Any CPU
		Release|Any CPU = Release|Any CPU
	EndGlobalSection
	GlobalSection(ProjectConfigurationPlatforms) = postSolution
		{FA950F08-DA2E-4B56-AAA1-4AA06E297A52}.Debug|Any CPU.ActiveCfg = Debug|Any CPU
		{FA950F08-DA2E-4B56-AAA1-4AA06E297A52}.Debug|Any CPU.Build.0 = Debug|Any CPU
		{FA950F08-DA2E-4B56-AAA1-4AA06E297A52}.Release|Any CPU.ActiveCfg = Release|Any CPU
		{FA950F08-DA2E-4B56-AAA1-4AA06E297A52}.Release|Any CPU.Build.0 = Release|Any CPU
	EndGlobalSection
	GlobalSection(SolutionProperties) = preSolution
		HideSolutionNode = FALSE
	EndGlobalSection
	GlobalSection(ExtensibilityGlobals) = postSolution
		SolutionGuid = {B10103D3-456A-44BB-BBE8-A22A8EAD0422}
	EndGlobalSection
EndGlobal
